
Microsoft Visual Studio Solution File, Format Version 12.00
# Visual Studio Version 17
VisualStudioVersion = 17.4.33122.133
MinimumVisualStudioVersion = 10.0.40219.1
Project("{9A19103F-16F7-4668-BE54-9A1E7A4F7556}") = "MandoEcommerce.Domain", "src\MandoEcommerce.Domain\MandoEcommerce.Domain.csproj", "{554AD327-6DBA-4F8F-96F8-81CE7A0C863F}"
EndProject
Project("{9A19103F-16F7-4668-BE54-9A1E7A4F7556}") = "MandoEcommerce.Application", "src\MandoEcommerce.Application\MandoEcommerce.Application.csproj", "{1A94A50E-06DC-43C1-80B5-B662820EC3EB}"
EndProject
Project("{9A19103F-16F7-4668-BE54-9A1E7A4F7556}") = "MandoEcommerce.EntityFrameworkCore", "src\MandoEcommerce.EntityFrameworkCore\MandoEcommerce.EntityFrameworkCore.csproj", "{C956DD76-69C8-4A9C-83EA-D17DF83340FD}"
EndProject
Project("{2150E333-8FDC-42A3-9474-1A3956D46DE8}") = "src", "src", "{CA9AC87F-097E-4F15-8393-4BC07735A5B0}"
EndProject
Project("{2150E333-8FDC-42A3-9474-1A3956D46DE8}") = "test", "test", "{04DBDB01-70F4-4E06-B468-8F87850B22BE}"
EndProject
Project("{9A19103F-16F7-4668-BE54-9A1E7A4F7556}") = "MandoEcommerce.Application.Tests", "test\MandoEcommerce.Application.Tests\MandoEcommerce.Application.Tests.csproj", "{50B2631D-129C-47B3-A587-029CCD6099BC}"
EndProject
Project("{9A19103F-16F7-4668-BE54-9A1E7A4F7556}") = "MandoEcommerce.Domain.Shared", "src\MandoEcommerce.Domain.Shared\MandoEcommerce.Domain.Shared.csproj", "{42F719ED-8413-4895-B5B4-5AB56079BC66}"
EndProject
Project("{9A19103F-16F7-4668-BE54-9A1E7A4F7556}") = "MandoEcommerce.Application.Contracts", "src\MandoEcommerce.Application.Contracts\MandoEcommerce.Application.Contracts.csproj", "{520659C8-C734-4298-A3DA-B539DB9DFC0B}"
EndProject
Project("{9A19103F-16F7-4668-BE54-9A1E7A4F7556}") = "MandoEcommerce.HttpApi", "src\MandoEcommerce.HttpApi\MandoEcommerce.HttpApi.csproj", "{4164BDF7-F527-4E85-9CE6-E3C2D7426A27}"
EndProject
Project("{9A19103F-16F7-4668-BE54-9A1E7A4F7556}") = "MandoEcommerce.HttpApi.Client", "src\MandoEcommerce.HttpApi.Client\MandoEcommerce.HttpApi.Client.csproj", "{3B5A0094-670D-4BB1-BFDD-61B88A8773DC}"
EndProject
Project("{9A19103F-16F7-4668-BE54-9A1E7A4F7556}") = "MandoEcommerce.AuthServer", "src\MandoEcommerce.AuthServer\MandoEcommerce.AuthServer.csproj", "{073C361E-B8F4-49F5-93CC-72A3FF49C026}"
EndProject
Project("{9A19103F-16F7-4668-BE54-9A1E7A4F7556}") = "MandoEcommerce.HttpApi.Host", "src\MandoEcommerce.HttpApi.Host\MandoEcommerce.HttpApi.Host.csproj", "{E6D5BF0E-DE92-4D82-A352-EF04B37CB11C}"
EndProject
Project("{9A19103F-16F7-4668-BE54-9A1E7A4F7556}") = "MandoEcommerce.EntityFrameworkCore.Tests", "test\MandoEcommerce.EntityFrameworkCore.Tests\MandoEcommerce.EntityFrameworkCore.Tests.csproj", "{1FE30EB9-74A9-47F5-A9F6-7B1FAB672D81}"
EndProject
Project("{9A19103F-16F7-4668-BE54-9A1E7A4F7556}") = "MandoEcommerce.TestBase", "test\MandoEcommerce.TestBase\MandoEcommerce.TestBase.csproj", "{91853F21-9CD9-4132-BC29-A7D5D84FFFE7}"
EndProject
Project("{9A19103F-16F7-4668-BE54-9A1E7A4F7556}") = "MandoEcommerce.Domain.Tests", "test\MandoEcommerce.Domain.Tests\MandoEcommerce.Domain.Tests.csproj", "{E512F4D9-9375-480F-A2F6-A46509F9D824}"
EndProject
Project("{9A19103F-16F7-4668-BE54-9A1E7A4F7556}") = "MandoEcommerce.HttpApi.Client.ConsoleTestApp", "test\MandoEcommerce.HttpApi.Client.ConsoleTestApp\MandoEcommerce.HttpApi.Client.ConsoleTestApp.csproj", "{EF480016-9127-4916-8735-D2466BDBC582}"
EndProject
Project("{9A19103F-16F7-4668-BE54-9A1E7A4F7556}") = "MandoEcommerce.DbMigrator", "src\MandoEcommerce.DbMigrator\MandoEcommerce.DbMigrator.csproj", "{AA94D832-1CCC-4715-95A9-A483F23A1A5D}"
EndProject
Project("{2150E333-8FDC-42A3-9474-1A3956D46DE8}") = "auth", "auth", "{7BB91498-D1B2-4466-A6A4-7835A82EE044}"
EndProject
Project("{2150E333-8FDC-42A3-9474-1A3956D46DE8}") = "common", "common", "{E237B27D-99A6-4858-B5FC-A48CB49550DA}"
EndProject
Project("{2150E333-8FDC-42A3-9474-1A3956D46DE8}") = "domain", "domain", "{930136DB-E1F7-4B25-AD29-F891A7EC977C}"
EndProject
Project("{2150E333-8FDC-42A3-9474-1A3956D46DE8}") = "infrastructure", "infrastructure", "{136B2256-255A-4B28-BB92-3116C1E1E530}"
EndProject
Project("{2150E333-8FDC-42A3-9474-1A3956D46DE8}") = "public", "public", "{2F517D3E-57B1-4097-93FA-7D471F486EDC}"
EndProject
Project("{2150E333-8FDC-42A3-9474-1A3956D46DE8}") = "admin", "admin", "{D5709FAC-B14D-4A20-A546-77D783164D23}"
EndProject
Project("{9A19103F-16F7-4668-BE54-9A1E7A4F7556}") = "MandoEcommerce.Admin.Application", "src\MandoEcommerce.Admin.Application\MandoEcommerce.Admin.Application.csproj", "{F00F496D-37AF-4BED-93D7-4D7191388DB2}"
EndProject
Project("{9A19103F-16F7-4668-BE54-9A1E7A4F7556}") = "MandoEcommerce.Admin.Application.Contracts", "src\MandoEcommerce.Admin.Application.Contracts\MandoEcommerce.Admin.Application.Contracts.csproj", "{A815515E-7007-4599-8380-2EB09C54FEA7}"
EndProject
Project("{9A19103F-16F7-4668-BE54-9A1E7A4F7556}") = "MandoEcommerce.Admin.HttpApi", "src\MandoEcommerce.Admin.HttpApi\MandoEcommerce.Admin.HttpApi.csproj", "{7F746E12-758A-4A96-A88D-1951CBF70E1C}"
EndProject
Project("{9A19103F-16F7-4668-BE54-9A1E7A4F7556}") = "MandoEcommerce.Admin.HttpApi.Client", "src\MandoEcommerce.Admin.HttpApi.Client\MandoEcommerce.Admin.HttpApi.Client.csproj", "{35A531DC-8A69-4D93-95EB-BF9950FA6CE0}"
EndProject
Project("{9A19103F-16F7-4668-BE54-9A1E7A4F7556}") = "MandoEcommerce.Admin.HttpApi.Host", "src\MandoEcommerce.Admin.HttpApi.Host\MandoEcommerce.Admin.HttpApi.Host.csproj", "{0030BFF7-54D4-4A42-B370-D81A9E343577}"
EndProject
Project("{2150E333-8FDC-42A3-9474-1A3956D46DE8}") = "public", "public", "{9D40254F-2B28-4A97-B63B-AEF522EEEACC}"
EndProject
Project("{2150E333-8FDC-42A3-9474-1A3956D46DE8}") = "admin", "admin", "{0B0E8E95-8F69-4627-BA1F-B26F6B002E8E}"
EndProject
Project("{9A19103F-16F7-4668-BE54-9A1E7A4F7556}") = "MandoEcommerce.Admin.Application.Tests", "test\MandoEcommerce.Admin.Application.Tests\MandoEcommerce.Admin.Application.Tests.csproj", "{E6B87186-525D-4D54-B664-E6410B62F21F}"
EndProject
Project("{9A19103F-16F7-4668-BE54-9A1E7A4F7556}") = "MandoEcommerce.Admin.HttpApi.Client.ConsoleTestApp", "test\MandoEcommerce.Admin.HttpApi.Client.ConsoleTestApp\MandoEcommerce.Admin.HttpApi.Client.ConsoleTestApp.csproj", "{489D2D40-CB4C-4ED0-8DAE-8155AA4AD96A}"
EndProject
Project("{2150E333-8FDC-42A3-9474-1A3956D46DE8}") = "shared", "shared", "{ABD287AE-1264-4545-879F-B12BD64ADFF6}"
EndProject
Global
	GlobalSection(SolutionConfigurationPlatforms) = preSolution
		Debug|Any CPU = Debug|Any CPU
		Release|Any CPU = Release|Any CPU
	EndGlobalSection
	GlobalSection(ProjectConfigurationPlatforms) = postSolution
		{554AD327-6DBA-4F8F-96F8-81CE7A0C863F}.Debug|Any CPU.ActiveCfg = Debug|Any CPU
		{554AD327-6DBA-4F8F-96F8-81CE7A0C863F}.Debug|Any CPU.Build.0 = Debug|Any CPU
		{554AD327-6DBA-4F8F-96F8-81CE7A0C863F}.Release|Any CPU.ActiveCfg = Release|Any CPU
		{554AD327-6DBA-4F8F-96F8-81CE7A0C863F}.Release|Any CPU.Build.0 = Release|Any CPU
		{1A94A50E-06DC-43C1-80B5-B662820EC3EB}.Debug|Any CPU.ActiveCfg = Debug|Any CPU
		{1A94A50E-06DC-43C1-80B5-B662820EC3EB}.Debug|Any CPU.Build.0 = Debug|Any CPU
		{1A94A50E-06DC-43C1-80B5-B662820EC3EB}.Release|Any CPU.ActiveCfg = Release|Any CPU
		{1A94A50E-06DC-43C1-80B5-B662820EC3EB}.Release|Any CPU.Build.0 = Release|Any CPU
		{C956DD76-69C8-4A9C-83EA-D17DF83340FD}.Debug|Any CPU.ActiveCfg = Debug|Any CPU
		{C956DD76-69C8-4A9C-83EA-D17DF83340FD}.Debug|Any CPU.Build.0 = Debug|Any CPU
		{C956DD76-69C8-4A9C-83EA-D17DF83340FD}.Release|Any CPU.ActiveCfg = Release|Any CPU
		{C956DD76-69C8-4A9C-83EA-D17DF83340FD}.Release|Any CPU.Build.0 = Release|Any CPU
		{50B2631D-129C-47B3-A587-029CCD6099BC}.Debug|Any CPU.ActiveCfg = Debug|Any CPU
		{50B2631D-129C-47B3-A587-029CCD6099BC}.Debug|Any CPU.Build.0 = Debug|Any CPU
		{50B2631D-129C-47B3-A587-029CCD6099BC}.Release|Any CPU.ActiveCfg = Release|Any CPU
		{50B2631D-129C-47B3-A587-029CCD6099BC}.Release|Any CPU.Build.0 = Release|Any CPU
		{42F719ED-8413-4895-B5B4-5AB56079BC66}.Debug|Any CPU.ActiveCfg = Debug|Any CPU
		{42F719ED-8413-4895-B5B4-5AB56079BC66}.Debug|Any CPU.Build.0 = Debug|Any CPU
		{42F719ED-8413-4895-B5B4-5AB56079BC66}.Release|Any CPU.ActiveCfg = Release|Any CPU
		{42F719ED-8413-4895-B5B4-5AB56079BC66}.Release|Any CPU.Build.0 = Release|Any CPU
		{520659C8-C734-4298-A3DA-B539DB9DFC0B}.Debug|Any CPU.ActiveCfg = Debug|Any CPU
		{520659C8-C734-4298-A3DA-B539DB9DFC0B}.Debug|Any CPU.Build.0 = Debug|Any CPU
		{520659C8-C734-4298-A3DA-B539DB9DFC0B}.Release|Any CPU.ActiveCfg = Release|Any CPU
		{520659C8-C734-4298-A3DA-B539DB9DFC0B}.Release|Any CPU.Build.0 = Release|Any CPU
		{4164BDF7-F527-4E85-9CE6-E3C2D7426A27}.Debug|Any CPU.ActiveCfg = Debug|Any CPU
		{4164BDF7-F527-4E85-9CE6-E3C2D7426A27}.Debug|Any CPU.Build.0 = Debug|Any CPU
		{4164BDF7-F527-4E85-9CE6-E3C2D7426A27}.Release|Any CPU.ActiveCfg = Release|Any CPU
		{4164BDF7-F527-4E85-9CE6-E3C2D7426A27}.Release|Any CPU.Build.0 = Release|Any CPU
		{3B5A0094-670D-4BB1-BFDD-61B88A8773DC}.Debug|Any CPU.ActiveCfg = Debug|Any CPU
		{3B5A0094-670D-4BB1-BFDD-61B88A8773DC}.Debug|Any CPU.Build.0 = Debug|Any CPU
		{3B5A0094-670D-4BB1-BFDD-61B88A8773DC}.Release|Any CPU.ActiveCfg = Release|Any CPU
		{3B5A0094-670D-4BB1-BFDD-61B88A8773DC}.Release|Any CPU.Build.0 = Release|Any CPU
		{073C361E-B8F4-49F5-93CC-72A3FF49C026}.Debug|Any CPU.ActiveCfg = Debug|Any CPU
		{073C361E-B8F4-49F5-93CC-72A3FF49C026}.Debug|Any CPU.Build.0 = Debug|Any CPU
		{073C361E-B8F4-49F5-93CC-72A3FF49C026}.Release|Any CPU.ActiveCfg = Release|Any CPU
		{073C361E-B8F4-49F5-93CC-72A3FF49C026}.Release|Any CPU.Build.0 = Release|Any CPU
		{E6D5BF0E-DE92-4D82-A352-EF04B37CB11C}.Debug|Any CPU.ActiveCfg = Debug|Any CPU
		{E6D5BF0E-DE92-4D82-A352-EF04B37CB11C}.Debug|Any CPU.Build.0 = Debug|Any CPU
		{E6D5BF0E-DE92-4D82-A352-EF04B37CB11C}.Release|Any CPU.ActiveCfg = Release|Any CPU
		{E6D5BF0E-DE92-4D82-A352-EF04B37CB11C}.Release|Any CPU.Build.0 = Release|Any CPU
		{1FE30EB9-74A9-47F5-A9F6-7B1FAB672D81}.Debug|Any CPU.ActiveCfg = Debug|Any CPU
		{1FE30EB9-74A9-47F5-A9F6-7B1FAB672D81}.Debug|Any CPU.Build.0 = Debug|Any CPU
		{1FE30EB9-74A9-47F5-A9F6-7B1FAB672D81}.Release|Any CPU.ActiveCfg = Release|Any CPU
		{1FE30EB9-74A9-47F5-A9F6-7B1FAB672D81}.Release|Any CPU.Build.0 = Release|Any CPU
		{91853F21-9CD9-4132-BC29-A7D5D84FFFE7}.Debug|Any CPU.ActiveCfg = Debug|Any CPU
		{91853F21-9CD9-4132-BC29-A7D5D84FFFE7}.Debug|Any CPU.Build.0 = Debug|Any CPU
		{91853F21-9CD9-4132-BC29-A7D5D84FFFE7}.Release|Any CPU.ActiveCfg = Release|Any CPU
		{91853F21-9CD9-4132-BC29-A7D5D84FFFE7}.Release|Any CPU.Build.0 = Release|Any CPU
		{E512F4D9-9375-480F-A2F6-A46509F9D824}.Debug|Any CPU.ActiveCfg = Debug|Any CPU
		{E512F4D9-9375-480F-A2F6-A46509F9D824}.Debug|Any CPU.Build.0 = Debug|Any CPU
		{E512F4D9-9375-480F-A2F6-A46509F9D824}.Release|Any CPU.ActiveCfg = Release|Any CPU
		{E512F4D9-9375-480F-A2F6-A46509F9D824}.Release|Any CPU.Build.0 = Release|Any CPU
		{EF480016-9127-4916-8735-D2466BDBC582}.Debug|Any CPU.ActiveCfg = Debug|Any CPU
		{EF480016-9127-4916-8735-D2466BDBC582}.Debug|Any CPU.Build.0 = Debug|Any CPU
		{EF480016-9127-4916-8735-D2466BDBC582}.Release|Any CPU.ActiveCfg = Release|Any CPU
		{EF480016-9127-4916-8735-D2466BDBC582}.Release|Any CPU.Build.0 = Release|Any CPU
		{AA94D832-1CCC-4715-95A9-A483F23A1A5D}.Debug|Any CPU.ActiveCfg = Debug|Any CPU
		{AA94D832-1CCC-4715-95A9-A483F23A1A5D}.Debug|Any CPU.Build.0 = Debug|Any CPU
		{AA94D832-1CCC-4715-95A9-A483F23A1A5D}.Release|Any CPU.ActiveCfg = Release|Any CPU
		{AA94D832-1CCC-4715-95A9-A483F23A1A5D}.Release|Any CPU.Build.0 = Release|Any CPU
		{F00F496D-37AF-4BED-93D7-4D7191388DB2}.Debug|Any CPU.ActiveCfg = Debug|Any CPU
		{F00F496D-37AF-4BED-93D7-4D7191388DB2}.Debug|Any CPU.Build.0 = Debug|Any CPU
		{F00F496D-37AF-4BED-93D7-4D7191388DB2}.Release|Any CPU.ActiveCfg = Release|Any CPU
		{F00F496D-37AF-4BED-93D7-4D7191388DB2}.Release|Any CPU.Build.0 = Release|Any CPU
		{A815515E-7007-4599-8380-2EB09C54FEA7}.Debug|Any CPU.ActiveCfg = Debug|Any CPU
		{A815515E-7007-4599-8380-2EB09C54FEA7}.Debug|Any CPU.Build.0 = Debug|Any CPU
		{A815515E-7007-4599-8380-2EB09C54FEA7}.Release|Any CPU.ActiveCfg = Release|Any CPU
		{A815515E-7007-4599-8380-2EB09C54FEA7}.Release|Any CPU.Build.0 = Release|Any CPU
		{7F746E12-758A-4A96-A88D-1951CBF70E1C}.Debug|Any CPU.ActiveCfg = Debug|Any CPU
		{7F746E12-758A-4A96-A88D-1951CBF70E1C}.Debug|Any CPU.Build.0 = Debug|Any CPU
		{7F746E12-758A-4A96-A88D-1951CBF70E1C}.Release|Any CPU.ActiveCfg = Release|Any CPU
		{7F746E12-758A-4A96-A88D-1951CBF70E1C}.Release|Any CPU.Build.0 = Release|Any CPU
		{35A531DC-8A69-4D93-95EB-BF9950FA6CE0}.Debug|Any CPU.ActiveCfg = Debug|Any CPU
		{35A531DC-8A69-4D93-95EB-BF9950FA6CE0}.Debug|Any CPU.Build.0 = Debug|Any CPU
		{35A531DC-8A69-4D93-95EB-BF9950FA6CE0}.Release|Any CPU.ActiveCfg = Release|Any CPU
		{35A531DC-8A69-4D93-95EB-BF9950FA6CE0}.Release|Any CPU.Build.0 = Release|Any CPU
		{0030BFF7-54D4-4A42-B370-D81A9E343577}.Debug|Any CPU.ActiveCfg = Debug|Any CPU
		{0030BFF7-54D4-4A42-B370-D81A9E343577}.Debug|Any CPU.Build.0 = Debug|Any CPU
		{0030BFF7-54D4-4A42-B370-D81A9E343577}.Release|Any CPU.ActiveCfg = Release|Any CPU
		{0030BFF7-54D4-4A42-B370-D81A9E343577}.Release|Any CPU.Build.0 = Release|Any CPU
		{E6B87186-525D-4D54-B664-E6410B62F21F}.Debug|Any CPU.ActiveCfg = Debug|Any CPU
		{E6B87186-525D-4D54-B664-E6410B62F21F}.Debug|Any CPU.Build.0 = Debug|Any CPU
		{E6B87186-525D-4D54-B664-E6410B62F21F}.Release|Any CPU.ActiveCfg = Release|Any CPU
		{E6B87186-525D-4D54-B664-E6410B62F21F}.Release|Any CPU.Build.0 = Release|Any CPU
		{489D2D40-CB4C-4ED0-8DAE-8155AA4AD96A}.Debug|Any CPU.ActiveCfg = Debug|Any CPU
		{489D2D40-CB4C-4ED0-8DAE-8155AA4AD96A}.Debug|Any CPU.Build.0 = Debug|Any CPU
		{489D2D40-CB4C-4ED0-8DAE-8155AA4AD96A}.Release|Any CPU.ActiveCfg = Release|Any CPU
		{489D2D40-CB4C-4ED0-8DAE-8155AA4AD96A}.Release|Any CPU.Build.0 = Release|Any CPU
	EndGlobalSection
	GlobalSection(SolutionProperties) = preSolution
		HideSolutionNode = FALSE
	EndGlobalSection
	GlobalSection(NestedProjects) = preSolution
		{554AD327-6DBA-4F8F-96F8-81CE7A0C863F} = {930136DB-E1F7-4B25-AD29-F891A7EC977C}
		{1A94A50E-06DC-43C1-80B5-B662820EC3EB} = {2F517D3E-57B1-4097-93FA-7D471F486EDC}
		{C956DD76-69C8-4A9C-83EA-D17DF83340FD} = {136B2256-255A-4B28-BB92-3116C1E1E530}
		{50B2631D-129C-47B3-A587-029CCD6099BC} = {9D40254F-2B28-4A97-B63B-AEF522EEEACC}
		{42F719ED-8413-4895-B5B4-5AB56079BC66} = {930136DB-E1F7-4B25-AD29-F891A7EC977C}
		{520659C8-C734-4298-A3DA-B539DB9DFC0B} = {2F517D3E-57B1-4097-93FA-7D471F486EDC}
		{4164BDF7-F527-4E85-9CE6-E3C2D7426A27} = {2F517D3E-57B1-4097-93FA-7D471F486EDC}
		{3B5A0094-670D-4BB1-BFDD-61B88A8773DC} = {2F517D3E-57B1-4097-93FA-7D471F486EDC}
		{073C361E-B8F4-49F5-93CC-72A3FF49C026} = {7BB91498-D1B2-4466-A6A4-7835A82EE044}
		{E6D5BF0E-DE92-4D82-A352-EF04B37CB11C} = {2F517D3E-57B1-4097-93FA-7D471F486EDC}
		{1FE30EB9-74A9-47F5-A9F6-7B1FAB672D81} = {ABD287AE-1264-4545-879F-B12BD64ADFF6}
		{91853F21-9CD9-4132-BC29-A7D5D84FFFE7} = {ABD287AE-1264-4545-879F-B12BD64ADFF6}
		{E512F4D9-9375-480F-A2F6-A46509F9D824} = {9D40254F-2B28-4A97-B63B-AEF522EEEACC}
		{EF480016-9127-4916-8735-D2466BDBC582} = {ABD287AE-1264-4545-879F-B12BD64ADFF6}
		{AA94D832-1CCC-4715-95A9-A483F23A1A5D} = {136B2256-255A-4B28-BB92-3116C1E1E530}
		{7BB91498-D1B2-4466-A6A4-7835A82EE044} = {CA9AC87F-097E-4F15-8393-4BC07735A5B0}
		{E237B27D-99A6-4858-B5FC-A48CB49550DA} = {CA9AC87F-097E-4F15-8393-4BC07735A5B0}
		{930136DB-E1F7-4B25-AD29-F891A7EC977C} = {E237B27D-99A6-4858-B5FC-A48CB49550DA}
		{136B2256-255A-4B28-BB92-3116C1E1E530} = {E237B27D-99A6-4858-B5FC-A48CB49550DA}
		{2F517D3E-57B1-4097-93FA-7D471F486EDC} = {CA9AC87F-097E-4F15-8393-4BC07735A5B0}
		{D5709FAC-B14D-4A20-A546-77D783164D23} = {CA9AC87F-097E-4F15-8393-4BC07735A5B0}
		{F00F496D-37AF-4BED-93D7-4D7191388DB2} = {D5709FAC-B14D-4A20-A546-77D783164D23}
		{A815515E-7007-4599-8380-2EB09C54FEA7} = {D5709FAC-B14D-4A20-A546-77D783164D23}
		{7F746E12-758A-4A96-A88D-1951CBF70E1C} = {D5709FAC-B14D-4A20-A546-77D783164D23}
		{35A531DC-8A69-4D93-95EB-BF9950FA6CE0} = {D5709FAC-B14D-4A20-A546-77D783164D23}
		{0030BFF7-54D4-4A42-B370-D81A9E343577} = {D5709FAC-B14D-4A20-A546-77D783164D23}
		{9D40254F-2B28-4A97-B63B-AEF522EEEACC} = {04DBDB01-70F4-4E06-B468-8F87850B22BE}
		{0B0E8E95-8F69-4627-BA1F-B26F6B002E8E} = {04DBDB01-70F4-4E06-B468-8F87850B22BE}
		{E6B87186-525D-4D54-B664-E6410B62F21F} = {0B0E8E95-8F69-4627-BA1F-B26F6B002E8E}
		{489D2D40-CB4C-4ED0-8DAE-8155AA4AD96A} = {0B0E8E95-8F69-4627-BA1F-B26F6B002E8E}
		{ABD287AE-1264-4545-879F-B12BD64ADFF6} = {04DBDB01-70F4-4E06-B468-8F87850B22BE}
	EndGlobalSection
	GlobalSection(ExtensibilityGlobals) = postSolution
		SolutionGuid = {28315BFD-90E7-4E14-A2EA-F3D23AF4126F}
	EndGlobalSection
EndGlobal
